{
  "name": "enuts",
  "version": "0.5.0",
  "lockfileVersion": 1,
  "requires": true,
  "dependencies": {
    "electron-store": {
      "version": "https://registry.npmjs.org/electron-store/-/electron-store-1.1.0.tgz",
      "integrity": "sha1-Ogb73IxkyhQWPeoFRHD3Vhp5Bqo=",
      "requires": {
        "conf": "https://registry.npmjs.org/conf/-/conf-1.1.2.tgz"
      },
      "dependencies": {
        "conf": {
          "version": "https://registry.npmjs.org/conf/-/conf-1.1.2.tgz",
          "integrity": "sha1-oWQAMCLdFkPNWr2WUwcb07Chn1A=",
          "requires": {
            "dot-prop": "https://registry.npmjs.org/dot-prop/-/dot-prop-4.1.1.tgz",
            "env-paths": "https://registry.npmjs.org/env-paths/-/env-paths-1.0.0.tgz",
            "make-dir": "https://registry.npmjs.org/make-dir/-/make-dir-1.0.0.tgz",
            "pkg-up": "https://registry.npmjs.org/pkg-up/-/pkg-up-2.0.0.tgz"
          }
        },
        "dot-prop": {
          "version": "https://registry.npmjs.org/dot-prop/-/dot-prop-4.1.1.tgz",
          "integrity": "sha1-qEk/C3te7sglJbXHWH+n3nyoWcE=",
          "requires": {
            "is-obj": "https://registry.npmjs.org/is-obj/-/is-obj-1.0.1.tgz"
          }
        },
        "env-paths": {
          "version": "https://registry.npmjs.org/env-paths/-/env-paths-1.0.0.tgz",
          "integrity": "sha1-QWgTO0K7BcOKNbGuQ5fIKYqzaeA="
        },
        "find-up": {
          "version": "https://registry.npmjs.org/find-up/-/find-up-2.1.0.tgz",
          "integrity": "sha1-RdG35QbHF93UgndaK3eSCjwMV6c=",
          "requires": {
            "locate-path": "https://registry.npmjs.org/locate-path/-/locate-path-2.0.0.tgz"
          }
        },
        "pkg-up": {
          "version": "https://registry.npmjs.org/pkg-up/-/pkg-up-2.0.0.tgz",
          "integrity": "sha1-yBmscoBZpGHKscOImivjxJoATX8=",
          "requires": {
            "find-up": "https://registry.npmjs.org/find-up/-/find-up-2.1.0.tgz"
          }
        }
      }
    },
    "is-obj": {
      "version": "https://registry.npmjs.org/is-obj/-/is-obj-1.0.1.tgz",
      "integrity": "sha1-PkcprB9f3gJc19g6iW2rn09n2w8="
    },
    "locate-path": {
      "version": "https://registry.npmjs.org/locate-path/-/locate-path-2.0.0.tgz",
      "integrity": "sha1-K1aLJl7slExtnA3pw9u7ygNUzY4=",
      "requires": {
        "p-locate": "https://registry.npmjs.org/p-locate/-/p-locate-2.0.0.tgz",
        "path-exists": "https://registry.npmjs.org/path-exists/-/path-exists-3.0.0.tgz"
      },
      "dependencies": {
        "path-exists": {
          "version": "https://registry.npmjs.org/path-exists/-/path-exists-3.0.0.tgz",
          "integrity": "sha1-zg6+ql94yxiSXqfYENe1mwEP1RU="
        }
      }
    },
    "make-dir": {
      "version": "https://registry.npmjs.org/make-dir/-/make-dir-1.0.0.tgz",
      "integrity": "sha1-l6ARdR6R3YfPre9Ygy67BJNt6Xg=",
      "requires": {
        "pify": "https://registry.npmjs.org/pify/-/pify-2.3.0.tgz"
      }
    },
    "p-limit": {
      "version": "https://registry.npmjs.org/p-limit/-/p-limit-1.1.0.tgz",
      "integrity": "sha1-sH/y2aXYi+yAYDWJWiurZqJ5iLw="
    },
    "p-locate": {
      "version": "https://registry.npmjs.org/p-locate/-/p-locate-2.0.0.tgz",
      "integrity": "sha1-IKAQOyIqcMj9OcwuWAaA893l7EM=",
      "requires": {
        "p-limit": "https://registry.npmjs.org/p-limit/-/p-limit-1.1.0.tgz"
      }
    },
    "pify": {
      "version": "https://registry.npmjs.org/pify/-/pify-2.3.0.tgz",
      "integrity": "sha1-7RQaasBDqEnqWISY59yosVMw6Qw="
    }
  }
}
